NeoBundleLock ag.vim 4a0dd6e190f446e5a016b44fdaa2feafc582918e
NeoBundleLock candle.vim c234f90a92d93ec0a62a339e8e6789b23e6171b5
NeoBundleLock clang_complete e536ca69f275a1c615550fc4aada5e320802262a
NeoBundleLock cocoa.vim 33faf435cf251ae23e0ee3500a0ce0eee6a1a94b
NeoBundleLock context_filetype.vim 00c2155a2db26561b0d289932d9b6accc2bf9e2c
NeoBundleLock emmet-vim 5b217264dde398699849a0211bbe1a917d8b2f7a
NeoBundleLock lexima.vim ec5a56c3b31f04f8831afb218c94bb5a44cc85aa
NeoBundleLock livemark.vim 2eca2ea0a76482afe21410e4924f8100f863a543
NeoBundleLock matchit 060d9d8aa381d6a650b649d38c992b59db3ed1a3
NeoBundleLock mold.vim 9b8f505120659ca4920cdf723f741d807d5cef81
NeoBundleLock neobundle.vim c00b40688f335a2e116726c2f8e727fad6f03e4f
NeoBundleLock neocomplete 9af19a78e381a13513851d222c17be1bd2679f7e
NeoBundleLock neosnippet c179a51f024e27edf4354a52ff8b9fa69c4c803c
NeoBundleLock nerdcommenter 18cfe815501c8264844223a944eb388285b48caa
NeoBundleLock nerdtree eee431dbd44111c858c6d33ffd366cae1f17f8b3
NeoBundleLock open-browser.vim e2bfabfc758351ee3087d4c697d1953660d943ee
NeoBundleLock operator-camelize.vim 9a970d68d7e3f2134a079329e6f5bcf331cd7262
NeoBundleLock operator-html-escape.vim 53f9588aa8f1baa0d0313543b36d950498f67a55
NeoBundleLock quickfixstatus fd3875b914fc51bbefefa8c4995588c088163053
NeoBundleLock scss-syntax.vim 4461789d02f81fd328afbdf27d6404b6c763c25f
NeoBundleLock shabadou.vim 7d4bfed1ea8985ae125df3d1403cc19e252443e1
NeoBundleLock smartchr bb34ecf2c557f93560a335ea4bd9433d52703af6
NeoBundleLock sourcekittendaemon.vim 393b623ebd3922a501d8eaa896dcadee562d89d9
NeoBundleLock surround.vim 324a8735bb82193a1a413e207dc1aaf60f3a1d82
NeoBundleLock switch.vim fec2065ebd5c00723bc7e35d95991332ad6e53a3
NeoBundleLock textobj-word-column.vim cb40e1459817a7fa23741ff6df05e4481bde5a33
NeoBundleLock typescript-tools.vim 55bddf4502d8563338ba8e6e3ede5a9795dd2846
NeoBundleLock typescript-vim 7e25a901af7cd993498cc9ecfc833ca2ac21db7a
NeoBundleLock unite-ghq 6851fe9f8c71ba9535ffc061535ab87c29552a10
NeoBundleLock unite.vim be09b0e5784c4c4c13aefae4f16313696c6f51de
NeoBundleLock vim-ace fadbd9cccf89666840562ebea2acba53e06e4e91
NeoBundleLock vim-altr 05d4150d8867f4dfb22bc38f832317ae24b8c2d2
NeoBundleLock vim-anzu 205cce21fdfd1349f24afaae7b494653327c7ac6
NeoBundleLock vim-coffee-script b91dbe92ad794a85a03b089f384fa324ff4e0c3d
NeoBundleLock vim-easy-align 0cb6b98fc155717b0a56c110551ac57d1d951ddb
NeoBundleLock vim-easymotion af9786ee5780bf0cbafbd7b341c2b5234d18c1c0
NeoBundleLock vim-elixir e03211c681f873b1cbe3b037c4ede050eac8559d
NeoBundleLock vim-fakeclip df778e5b94a89c164055f24a631fc925e69ba893
NeoBundleLock vim-filetype-haskell 31b40b0961974067de569df7a7458498e4de5775
NeoBundleLock vim-fugitive 1ecd12d523ffe031b5840316eeae1f24dd8920e4
NeoBundleLock vim-go-extra e695cf986c1ee9d16449bd37228ee8c9fa796783
NeoBundleLock vim-haml 1f2e47c78c2faf90ff419c2f4e1241094844678c
NeoBundleLock vim-hier ad47fe2dbe2b165efc302699c0122ec04e3f414e
NeoBundleLock vim-ios 26f854b3d26983b22faa1415b7d1849b2789e679
NeoBundleLock vim-jade cc1bddc890f4856aa0511fdfd7c55d2e66f688b5
NeoBundleLock vim-javascript 521f4eda73c9a483e29df4894eeef7421982aba2
NeoBundleLock vim-jsx eb656ed96435ccf985668ebd7bb6ceb34b736213
NeoBundleLock vim-markdown 3c2215bfed1de1251927fbc94b2631ca27c2958f
NeoBundleLock vim-misc 3e6b8fb6f03f13434543ce1f5d24f6a5d3f34f0b
NeoBundleLock vim-operator-evalruby 14c9085f421ec3b1676743aa0e195e4110497b45
NeoBundleLock vim-operator-replace 1345a556a321a092716e149d4765a5e17c0e9f0f
NeoBundleLock vim-operator-user c3dfd41c1ed516b4b901c97562e644de62c367aa
NeoBundleLock vim-over 5114c04f12e6441fe2c1d759af7eb19060f5466c
NeoBundleLock vim-pasta 45900f1ca09cf588856ea375b95cb0618f58ee27
NeoBundleLock vim-precious 1cda9dc567c6c449fc1028564c60fe0eb6f6c376
NeoBundleLock vim-qfreplace 89e64ae24fb4b8e2402ba6d84971c06606f4adf4
NeoBundleLock vim-qfsigns c5f6bf116ec6f2c77c63ccc6c40a793f9ec89592
NeoBundleLock vim-qfstatusline b8f21f84bc272ea269f556826253195c69a47c96
NeoBundleLock vim-quickrun ac9f4be0698dffb30ebdf284f8ba5abbaab5eaca
NeoBundleLock vim-rails 09ffc844ef959ffe133d0994641ade192531007e
NeoBundleLock vim-rengbang 1dc6fc9b4edd856d91c4708ff4e28e2a70ec58dd
NeoBundleLock vim-repeat 7a6675f092842c8f81e71d5345bd7cdbf3759415
NeoBundleLock vim-ruby 53c77ead60140df436c11d86aef5e1a4ef0eba94
NeoBundleLock vim-scala a6a350f7c632d0e640b57f9dcc7e123409a7bcd7
NeoBundleLock vim-session 9e9a6088f0554f6940c19889d0b2a8f39d13f2bb
NeoBundleLock vim-signature 7e13913188809c45e14988270213744d1c3bb485
NeoBundleLock vim-slim df26386b46b455f0c837c3ba30d1771204f209ca
NeoBundleLock vim-stargate 386f6a3860d4ba29b6ad1590ad8b148aff0281b1
NeoBundleLock vim-submode d44a302b3ca97c8014c35c93893ca8fec0b95e4e
NeoBundleLock vim-tags e75dea76e488d9208ed73c53c46a4abee2695115
NeoBundleLock vim-textmanip 2c2b23cae19eef5e634fa4a3efdf7081363d65a0
NeoBundleLock vim-textobj-indent deb76867c302f933c8f21753806cbf2d8461b548
NeoBundleLock vim-textobj-multiblock 670a5ba57d73fcd793f480e262617c6eb0103355
NeoBundleLock vim-textobj-user a3054162c09bcf732624f43ddacbd85dad09713b
NeoBundleLock vim-watchdogs 455a61a34e6f2f82fda7e6de0fc14fc740a11764
NeoBundleLock vimclojure 5d22269cb35c663d8b0af0e22ca9e2e21b1bc9ce
NeoBundleLock vimproc 25cb83f24edec4aec1e9f1329302235e7a7a7fe0
NeoBundleLock vinarise.vim 4f47440c3fbeddec61dd3f7d3ac6f82f6eca821d
