{
  "nodes": {
    "LuaSnip": {
      "flake": false,
      "locked": {
        "lastModified": 1779224266,
        "narHash": "sha256-5Dm5maKjGcduew/cUZTWeyyVEgpZ0OpoVdMRYEw8Li0=",
        "ref": "refs/heads/master",
        "rev": "0abc8f390b278c3b4aabc4c004ac8a088b65cf24",
        "shallow": true,
        "type": "git",
        "url": "https://github.com/L3MON4D3/LuaSnip"
      },
      "original": {
        "shallow": true,
        "type": "git",
        "url": "https://github.com/L3MON4D3/LuaSnip"
      }
    },
    "blink-cmp": {
      "flake": false,
      "locked": {
        "lastModified": 1775330305,
        "narHash": "sha256-C1FpyGw0f35NdHvDUGPXxmKdOgw3SpIteK1gAjVy6Ns=",
        "ref": "v1",
        "rev": "78336bc89ee5365633bcf754d93df01678b5c08f",
        "shallow": true,
        "type": "git",
        "url": "https://github.com/saghen/blink.cmp"
      },
      "original": {
        "ref": "v1",
        "shallow": true,
        "type": "git",
        "url": "https://github.com/saghen/blink.cmp"
      }
    },
    "conform-nvim": {
      "flake": false,
      "locked": {
        "lastModified": 1786458409,
        "narHash": "sha256-7VkQLpkDak/O5tphT/EWX/rE9r0Dd2UCF5CFbl4rK+A=",
        "ref": "refs/heads/master",
        "rev": "016802de402556da54c36bd7359b441266b01cdd",
        "shallow": true,
        "type": "git",
        "url": "https://github.com/stevearc/conform.nvim"
      },
      "original": {
        "shallow": true,
        "type": "git",
        "url": "https://github.com/stevearc/conform.nvim"
      }
    },
    "diffview-plus-nvim": {
      "flake": false,
      "locked": {
        "lastModified": 1789991967,
        "narHash": "sha256-gA9brMpvV6I7pHHarRE90oRUeEd1UNIkxaJTJnBgu0I=",
        "ref": "refs/heads/main",
        "rev": "5152bada7d81cd602373e77534aabc631419e8e0",
        "shallow": true,
        "type": "git",
        "url": "https://github.com/dlyongemallo/diffview-plus.nvim"
      },
      "original": {
        "shallow": true,
        "type": "git",
        "url": "https://github.com/dlyongemallo/diffview-plus.nvim"
      }
    },
    "flatten-nvim": {
      "flake": false,
      "locked": {
        "lastModified": 1781880011,
        "narHash": "sha256-ZixskxLpno0BbzseafBILoFzRzs14HrBeWlRQrqkAS8=",
        "ref": "refs/heads/main",
        "rev": "d92ca41e9c330f45c1b854a80c89c8488a9d730c",
        "shallow": true,
        "type": "git",
        "url": "https://github.com/willothy/flatten.nvim"
      },
      "original": {
        "shallow": true,
        "type": "git",
        "url": "https://github.com/willothy/flatten.nvim"
      }
    },
    "gitsigns-nvim": {
      "flake": false,
      "locked": {
        "lastModified": 1790071345,
        "narHash": "sha256-ys58YqtdxdotyGxBHa90qwQv8lIXMuAitF8yf2p83M8=",
        "ref": "refs/heads/main",
        "rev": "070a5d7b985546cc57e1fc61e5bc507fecac6045",
        "shallow": true,
        "type": "git",
        "url": "https://github.com/lewis6991/gitsigns.nvim"
      },
      "original": {
        "shallow": true,
        "type": "git",
        "url": "https://github.com/lewis6991/gitsigns.nvim"
      }
    },
    "hop-nvim": {
      "flake": false,
      "locked": {
        "lastModified": 1786727969,
        "narHash": "sha256-KZY2DbLuM3M8P2Rp6ngbSesmd5uRQBa5nNpWxawOed8=",
        "ref": "refs/heads/master",
        "rev": "6e83486f351066e38c3ae9daad2a4f01dfb262ad",
        "shallow": true,
        "type": "git",
        "url": "https://github.com/smoka7/hop.nvim"
      },
      "original": {
        "shallow": true,
        "type": "git",
        "url": "https://github.com/smoka7/hop.nvim"
      }
    },
    "lazy-nvim": {
      "flake": false,
      "locked": {
        "lastModified": 1765971162,
        "narHash": "sha256-5A4kducPwKb5fKX4oSUFvo898P0dqfsqqLxFaXBsbQY=",
        "ref": "refs/heads/main",
        "rev": "306a05526ada86a7b30af95c5cc81ffba93fef97",
        "shallow": true,
        "type": "git",
        "url": "https://github.com/folke/lazy.nvim"
      },
      "original": {
        "shallow": true,
        "type": "git",
        "url": "https://github.com/folke/lazy.nvim"
      }
    },
    "mold-vim": {
      "flake": false,
      "locked": {
        "lastModified": 1627726199,
        "narHash": "sha256-6C1vY9YVw+GPw4cYiVd2s/FXUc+bI4ZVuNNPSEcYREA=",
        "ref": "refs/heads/master",
        "rev": "61cecb14524218b1cfed6929b7276ca2eb55866b",
        "shallow": true,
        "type": "git",
        "url": "https://github.com/creasty/mold.vim"
      },
      "original": {
        "shallow": true,
        "type": "git",
        "url": "https://github.com/creasty/mold.vim"
      }
    },
    "nvim-autopairs": {
      "flake": false,
      "locked": {
        "lastModified": 1787454047,
        "narHash": "sha256-WSSuk2lmBefKTseLDa/AwBUPEsjYsG41SYepPZw/rpM=",
        "ref": "refs/heads/master",
        "rev": "430522f95fe4fb7c511ec64f8c1a90cc6a66c05c",
        "shallow": true,
        "type": "git",
        "url": "https://github.com/windwp/nvim-autopairs"
      },
      "original": {
        "shallow": true,
        "type": "git",
        "url": "https://github.com/windwp/nvim-autopairs"
      }
    },
    "nvim-lint": {
      "flake": false,
      "locked": {
        "lastModified": 1787681959,
        "narHash": "sha256-IcV2QgxhGpTs7xTzLMOrqGuFdAaSuC96HQ3cu8+fTFY=",
        "ref": "refs/heads/master",
        "rev": "3d55c8f67c6ae5c15e1042571e107c7a3d5c5f4e",
        "shallow": true,
        "type": "git",
        "url": "https://github.com/mfussenegger/nvim-lint"
      },
      "original": {
        "shallow": true,
        "type": "git",
        "url": "https://github.com/mfussenegger/nvim-lint"
      }
    },
    "nvim-lspconfig": {
      "flake": false,
      "locked": {
        "lastModified": 1790428870,
        "narHash": "sha256-9XFik7vpA6ETPQM7KhJR2WZPlBa++Aw2NRr5GUnEmgM=",
        "ref": "refs/heads/master",
        "rev": "a9bb4d5f4276aa5cddc015faa3ecc5a7b5a26b14",
        "shallow": true,
        "type": "git",
        "url": "https://github.com/neovim/nvim-lspconfig"
      },
      "original": {
        "shallow": true,
        "type": "git",
        "url": "https://github.com/neovim/nvim-lspconfig"
      }
    },
    "nvim-treesitter": {
      "flake": false,
      "locked": {
        "lastModified": 1790500323,
        "narHash": "sha256-z6e3Dvp8TQDjTRglfVq0B+7Ejozwnw/zSvpGuSy6rbY=",
        "ref": "main",
        "rev": "728e031f6b11d03d1f0708b7dc4fb0f1d9c8a137",
        "shallow": true,
        "type": "git",
        "url": "https://github.com/nvim-treesitter/nvim-treesitter"
      },
      "original": {
        "ref": "main",
        "shallow": true,
        "type": "git",
        "url": "https://github.com/nvim-treesitter/nvim-treesitter"
      }
    },
    "nvim-treesitter-context": {
      "flake": false,
      "locked": {
        "lastModified": 1785660708,
        "narHash": "sha256-1aCV2J243C28+hiTMacVcLfEfVRYfpnLBQgCoOX24gM=",
        "ref": "refs/heads/master",
        "rev": "f3061339b8eaf9fda873600bc425b8d2d8502533",
        "shallow": true,
        "type": "git",
        "url": "https://github.com/nvim-treesitter/nvim-treesitter-context"
      },
      "original": {
        "shallow": true,
        "type": "git",
        "url": "https://github.com/nvim-treesitter/nvim-treesitter-context"
      }
    },
    "nvim-treesitter-endwise": {
      "flake": false,
      "locked": {
        "lastModified": 1767007663,
        "narHash": "sha256-5l2XF8/sk94IWAauP1VDh4ylLcR5gXnoWCT01TjmHBc=",
        "ref": "refs/heads/master",
        "rev": "8fe8a95630f4f2c72a87ba1927af649e0bfaa244",
        "shallow": true,
        "type": "git",
        "url": "https://github.com/RRethy/nvim-treesitter-endwise"
      },
      "original": {
        "shallow": true,
        "type": "git",
        "url": "https://github.com/RRethy/nvim-treesitter-endwise"
      }
    },
    "nvim-ts-autotag": {
      "flake": false,
      "locked": {
        "lastModified": 1776240178,
        "narHash": "sha256-bvBf9wEDxdwlMGN29v4dEPexZGuxZZr7s+6xAOrDNKI=",
        "ref": "refs/heads/main",
        "rev": "88c1453db4ba7dd24131086fe51fdf74e587d275",
        "shallow": true,
        "type": "git",
        "url": "https://github.com/windwp/nvim-ts-autotag"
      },
      "original": {
        "shallow": true,
        "type": "git",
        "url": "https://github.com/windwp/nvim-ts-autotag"
      }
    },
    "opfmt": {
      "flake": false,
      "locked": {
        "lastModified": 1743584074,
        "narHash": "sha256-SILnOubkk3p617QbmhOEu7qRUrGGzT8RghjCzxk8gHY=",
        "ref": "refs/heads/master",
        "rev": "dbffa3e28cc0584669129d6a123f40266ddba7c7",
        "shallow": true,
        "type": "git",
        "url": "https://github.com/creasty/opfmt"
      },
      "original": {
        "shallow": true,
        "type": "git",
        "url": "https://github.com/creasty/opfmt"
      }
    },
    "root": {
      "inputs": {
        "LuaSnip": "LuaSnip",
        "blink-cmp": "blink-cmp",
        "conform-nvim": "conform-nvim",
        "diffview-plus-nvim": "diffview-plus-nvim",
        "flatten-nvim": "flatten-nvim",
        "gitsigns-nvim": "gitsigns-nvim",
        "hop-nvim": "hop-nvim",
        "lazy-nvim": "lazy-nvim",
        "mold-vim": "mold-vim",
        "nvim-autopairs": "nvim-autopairs",
        "nvim-lint": "nvim-lint",
        "nvim-lspconfig": "nvim-lspconfig",
        "nvim-treesitter": "nvim-treesitter",
        "nvim-treesitter-context": "nvim-treesitter-context",
        "nvim-treesitter-endwise": "nvim-treesitter-endwise",
        "nvim-ts-autotag": "nvim-ts-autotag",
        "opfmt": "opfmt",
        "snacks-nvim": "snacks-nvim",
        "switch-vim": "switch-vim",
        "vim-altr": "vim-altr",
        "vim-easy-align": "vim-easy-align",
        "vim-repeat": "vim-repeat",
        "vim-surround": "vim-surround",
        "vim-textmanip": "vim-textmanip"
      }
    },
    "snacks-nvim": {
      "flake": false,
      "locked": {
        "lastModified": 1779727538,
        "narHash": "sha256-gU0XjCcnmZNwZ/erukA8miBiMKaSsSiInLtiv+OyEJI=",
        "ref": "refs/heads/main",
        "rev": "882c996cf28183f4d63640de0b4c02ec886d01f2",
        "shallow": true,
        "type": "git",
        "url": "https://github.com/folke/snacks.nvim"
      },
      "original": {
        "shallow": true,
        "type": "git",
        "url": "https://github.com/folke/snacks.nvim"
      }
    },
    "switch-vim": {
      "flake": false,
      "locked": {
        "lastModified": 1772034051,
        "narHash": "sha256-dnZ0tiqb7X49buiCXk4vqYprhkMK1YIP1k35RdV4TiE=",
        "ref": "refs/heads/main",
        "rev": "297346b630943ebd4ea58598dfd30bae5debc739",
        "shallow": true,
        "type": "git",
        "url": "https://github.com/AndrewRadev/switch.vim"
      },
      "original": {
        "shallow": true,
        "type": "git",
        "url": "https://github.com/AndrewRadev/switch.vim"
      }
    },
    "vim-altr": {
      "flake": false,
      "locked": {
        "lastModified": 1558693142,
        "narHash": "sha256-vGSdRTiCqtkQNbR7R1BWR12B1gX9KuGioyYH/Kv7P2A=",
        "ref": "refs/heads/master",
        "rev": "fba055cf3b83a1ada5b05d694fbefd024aa93289",
        "shallow": true,
        "type": "git",
        "url": "https://github.com/kana/vim-altr"
      },
      "original": {
        "shallow": true,
        "type": "git",
        "url": "https://github.com/kana/vim-altr"
      }
    },
    "vim-easy-align": {
      "flake": false,
      "locked": {
        "lastModified": 1712978502,
        "narHash": "sha256-EARuJTE5VQVF9KbX6TOtxaoHiem49R468h9IfUj32Kg=",
        "ref": "refs/heads/master",
        "rev": "9815a55dbcd817784458df7a18acacc6f82b1241",
        "shallow": true,
        "type": "git",
        "url": "https://github.com/junegunn/vim-easy-align"
      },
      "original": {
        "shallow": true,
        "type": "git",
        "url": "https://github.com/junegunn/vim-easy-align"
      }
    },
    "vim-repeat": {
      "flake": false,
      "locked": {
        "lastModified": 1720473942,
        "narHash": "sha256-G/dmkq1KtSHIl+I5p3LfO6mGPS3eyLRbEEsuLbTpGlk=",
        "ref": "refs/heads/master",
        "rev": "65846025c15494983dafe5e3b46c8f88ab2e9635",
        "shallow": true,
        "type": "git",
        "url": "https://github.com/tpope/vim-repeat"
      },
      "original": {
        "shallow": true,
        "type": "git",
        "url": "https://github.com/tpope/vim-repeat"
      }
    },
    "vim-surround": {
      "flake": false,
      "locked": {
        "lastModified": 1666730476,
        "narHash": "sha256-DZE5tkmnT+lAvx/RQHaDEgEJXRKsy56KJY919xiH1lE=",
        "ref": "refs/heads/master",
        "rev": "3d188ed2113431cf8dac77be61b842acb64433d9",
        "shallow": true,
        "type": "git",
        "url": "https://github.com/tpope/vim-surround"
      },
      "original": {
        "shallow": true,
        "type": "git",
        "url": "https://github.com/tpope/vim-surround"
      }
    },
    "vim-textmanip": {
      "flake": false,
      "locked": {
        "lastModified": 1568965495,
        "narHash": "sha256-0MpIo9TfifONvG1LSSIzRMwRQvfAdel0uPw9g6GcnXM=",
        "ref": "refs/heads/master",
        "rev": "1948542d12e37f286ef4edd87db4f29e4c7fd771",
        "shallow": true,
        "type": "git",
        "url": "https://github.com/t9md/vim-textmanip"
      },
      "original": {
        "shallow": true,
        "type": "git",
        "url": "https://github.com/t9md/vim-textmanip"
      }
    }
  },
  "root": "root",
  "version": 7
}
